
Microsoft Visual Studio Solution File, Format Version 12.00
# Visual Studio Version 17
VisualStudioVersion = 17.2.32602.215
MinimumVisualStudioVersion = 10.0.40219.1
Project("{FAE04EC0-301F-11D3-BF4B-00C04F79EFBC}") = "OnlineVotingSystem", "OnlineVotingSystem.csproj", "{05A63527-3AD8-4723-A9B3-C01DF52B59B4}"
EndProject
Global
	GlobalSection(SolutionConfigurationPlatforms) = preSolution
		Debug|Any CPU = Debug|Any CPU
		Release|Any CPU = Release|Any CPU
	EndGlobalSection
	GlobalSection(ProjectConfigurationPlatforms) = postSolution
		{05A63527-3AD8-4723-A9B3-C01DF52B59B4}.Debug|Any CPU.ActiveCfg = Debug|Any CPU
		{05A63527-3AD8-4723-A9B3-C01DF52B59B4}.Debug|Any CPU.Build.0 = Debug|Any CPU
		{05A63527-3AD8-4723-A9B3-C01DF52B59B4}.Release|Any CPU.ActiveCfg = Release|Any CPU
		{05A63527-3AD8-4723-A9B3-C01DF52B59B4}.Release|Any CPU.Build.0 = Release|Any CPU
	EndGlobalSection
	GlobalSection(SolutionProperties) = preSolution
		HideSolutionNode = FALSE
	EndGlobalSection
	GlobalSection(ExtensibilityGlobals) = postSolution
		SolutionGuid = {BABA0E34-CB32-402A-A4EF-9A2B335EE1F1}
	EndGlobalSection
EndGlobal
